// !$*UTF8*$!
{
	archiveVersion = 1;
	classes = {
	};
	objectVersion = 51;
	objects = {

/* Begin PBXBuildFile section */
		1A2C9EDF9363F8EA614236A9 /* Pods_Test_TestProject__iOS_.framework in Frameworks */ = {isa = PBXBuildFile; fileRef = 10A9E1157F820A7519FC8D3D /* Pods_Test_TestProject__iOS_.framework */; };
		63E1B0BF26624C1E0081D262 /* TestProjectApp.swift in Sources */ = {isa = PBXBuildFile; fileRef = 63E1B0AC26624C1B0081D262 /* TestProjectApp.swift */; };
		63E1B0C026624C1E0081D262 /* TestProjectApp.swift in Sources */ = {isa = PBXBuildFile; fileRef = 63E1B0AC26624C1B0081D262 /* TestProjectApp.swift */; };
		63E1B0C126624C1E0081D262 /* ContentView.swift in Sources */ = {isa = PBXBuildFile; fileRef = 63E1B0AD26624C1B0081D262 /* ContentView.swift */; };
		63E1B0C226624C1E0081D262 /* ContentView.swift in Sources */ = {isa = PBXBuildFile; fileRef = 63E1B0AD26624C1B0081D262 /* ContentView.swift */; };
		63E1B0C326624C1E0081D262 /* Assets.xcassets in Resources */ = {isa = PBXBuildFile; fileRef = 63E1B0AE26624C1E0081D262 /* Assets.xcassets */; };
		63E1B0C426624C1E0081D262 /* Assets.xcassets in Resources */ = {isa = PBXBuildFile; fileRef = 63E1B0AE26624C1E0081D262 /* Assets.xcassets */; };
		A6B29030CF9F3BB321643191 /* Pods_Test_TestProject__macOS_.framework in Frameworks */ = {isa = PBXBuildFile; fileRef = 4F9EFB8B366D59ABFCE6160C /* Pods_Test_TestProject__macOS_.framework */; };
/* End PBXBuildFile section */

/* Begin PBXFileReference section */
		10933E39832E245C5792B642 /* Pods-Test-TestProject (macOS).debug.xcconfig */ = {isa = PBXFileReference; includeInIndex = 1; lastKnownFileType = text.xcconfig; name = "Pods-Test-TestProject (macOS).debug.xcconfig"; path = "Target Support Files/Pods-Test-TestProject (macOS)/Pods-Test-TestProject (macOS).debug.xcconfig"; sourceTree = "<group>"; };
		10A9E1157F820A7519FC8D3D /* Pods_Test_TestProject__iOS_.framework */ = {isa = PBXFileReference; explicitFileType = wrapper.framework; includeInIndex = 0; path = Pods_Test_TestProject__iOS_.framework; sourceTree = BUILT_PRODUCTS_DIR; };
		2C12DD5408AD79D4329C289C /* Pods-Test-TestProject (macOS).release.xcconfig */ = {isa = PBXFileReference; includeInIndex = 1; lastKnownFileType = text.xcconfig; name = "Pods-Test-TestProject (macOS).release.xcconfig"; path = "Target Support Files/Pods-Test-TestProject (macOS)/Pods-Test-TestProject (macOS).release.xcconfig"; sourceTree = "<group>"; };
		4C6517E707BFB7C482CBEE59 /* Pods-Test-TestProject (iOS).release.xcconfig */ = {isa = PBXFileReference; includeInIndex = 1; lastKnownFileType = text.xcconfig; name = "Pods-Test-TestProject (iOS).release.xcconfig"; path = "Target Support Files/Pods-Test-TestProject (iOS)/Pods-Test-TestProject (iOS).release.xcconfig"; sourceTree = "<group>"; };
		4F9EFB8B366D59ABFCE6160C /* Pods_Test_TestProject__macOS_.framework */ = {isa = PBXFileReference; explicitFileType = wrapper.framework; includeInIndex = 0; path = Pods_Test_TestProject__macOS_.framework; sourceTree = BUILT_PRODUCTS_DIR; };
		63E1B0AC26624C1B0081D262 /* TestProjectApp.swift */ = {isa = PBXFileReference; lastKnownFileType = sourcecode.swift; path = TestProjectApp.swift; sourceTree = "<group>"; };
		63E1B0AD26624C1B0081D262 /* ContentView.swift */ = {isa = PBXFileReference; lastKnownFileType = sourcecode.swift; path = ContentView.swift; sourceTree = "<group>"; };
		63E1B0AE26624C1E0081D262 /* Assets.xcassets */ = {isa = PBXFileReference; lastKnownFileType = folder.assetcatalog; path = Assets.xcassets; sourceTree = "<group>"; };
		63E1B0B326624C1E0081D262 /* testProject-iOS.debug.app */ = {isa = PBXFileReference; explicitFileType = wrapper.application; includeInIndex = 0; path = "testProject-iOS.debug.app"; sourceTree = BUILT_PRODUCTS_DIR; };
		63E1B0B626624C1E0081D262 /* Info.plist */ = {isa = PBXFileReference; lastKnownFileType = text.plist.xml; path = Info.plist; sourceTree = "<group>"; };
		63E1B0BB26624C1E0081D262 /* testProject-Mac.debug.app */ = {isa = PBXFileReference; explicitFileType = wrapper.application; includeInIndex = 0; path = "testProject-Mac.debug.app"; sourceTree = BUILT_PRODUCTS_DIR; };
		63E1B0BD26624C1E0081D262 /* Info.plist */ = {isa = PBXFileReference; lastKnownFileType = text.plist.xml; path = Info.plist; sourceTree = "<group>"; };
		63E1B0BE26624C1E0081D262 /* macOS.entitlements */ = {isa = PBXFileReference; lastKnownFileType = text.plist.entitlements; path = macOS.entitlements; sourceTree = "<group>"; };
		63E1B0CD266258310081D262 /* project_Config.debug.xcconfig */ = {isa = PBXFileReference; lastKnownFileType = text.xcconfig; path = project_Config.debug.xcconfig; sourceTree = "<group>"; };
		63E1B0D02662596C0081D262 /* iOS_Config.debug.xcconfig */ = {isa = PBXFileReference; lastKnownFileType = text.xcconfig; path = iOS_Config.debug.xcconfig; sourceTree = "<group>"; };
		63E1B0D1266259810081D262 /* mac_Config.debug.xcconfig */ = {isa = PBXFileReference; lastKnownFileType = text.xcconfig; path = mac_Config.debug.xcconfig; sourceTree = "<group>"; };
		63FF7059266686BC00AB2043 /* iOS_Config .release.xcconfig */ = {isa = PBXFileReference; lastKnownFileType = text.xcconfig; path = "iOS_Config .release.xcconfig"; sourceTree = "<group>"; };
		63FF705A266686D900AB2043 /* mac_Config.release.xcconfig */ = {isa = PBXFileReference; lastKnownFileType = text.xcconfig; path = mac_Config.release.xcconfig; sourceTree = "<group>"; };
		63FF705C2666925400AB2043 /* project_Config .release.xcconfig */ = {isa = PBXFileReference; lastKnownFileType = text.xcconfig; path = "project_Config .release.xcconfig"; sourceTree = "<group>"; };
		A01748C24C84250C8B4A6DCD /* Pods-Test-TestProject (iOS).debug.xcconfig */ = {isa = PBXFileReference; includeInIndex = 1; lastKnownFileType = text.xcconfig; name = "Pods-Test-TestProject (iOS).debug.xcconfig"; path = "Target Support Files/Pods-Test-TestProject (iOS)/Pods-Test-TestProject (iOS).debug.xcconfig"; sourceTree = "<group>"; };
/* End PBXFileReference section */

/* Begin PBXFrameworksBuildPhase section */
		63E1B0B026624C1E0081D262 /* Frameworks */ = {
			isa = PBXFrameworksBuildPhase;
			buildActionMask = 2147483647;
			files = (
				1A2C9EDF9363F8EA614236A9 /* Pods_Test_TestProject__iOS_.framework in Frameworks */,
			);
			runOnlyForDeploymentPostprocessing = 0;
		};
		63E1B0B826624C1E0081D262 /* Frameworks */ = {
			isa = PBXFrameworksBuildPhase;
			buildActionMask = 2147483647;
			files = (
				A6B29030CF9F3BB321643191 /* Pods_Test_TestProject__macOS_.framework in Frameworks */,
			);
			runOnlyForDeploymentPostprocessing = 0;
		};
/* End PBXFrameworksBuildPhase section */

/* Begin PBXGroup section */
		172FCEAB4B5868FF1F4D3181 /* Frameworks */ = {
			isa = PBXGroup;
			children = (
				10A9E1157F820A7519FC8D3D /* Pods_Test_TestProject__iOS_.framework */,
				4F9EFB8B366D59ABFCE6160C /* Pods_Test_TestProject__macOS_.framework */,
			);
			name = Frameworks;
			sourceTree = "<group>";
		};
		63E1B0A626624C1B0081D262 = {
			isa = PBXGroup;
			children = (
				63FF705B266686EB00AB2043 /* Resources */,
				63E1B0AB26624C1B0081D262 /* Shared */,
				63E1B0B526624C1E0081D262 /* iOS */,
				63E1B0BC26624C1E0081D262 /* macOS */,
				63E1B0B426624C1E0081D262 /* Products */,
				DF035896B0AC5B4F6AE6650D /* Pods */,
				172FCEAB4B5868FF1F4D3181 /* Frameworks */,
			);
			sourceTree = "<group>";
		};
		63E1B0AB26624C1B0081D262 /* Shared */ = {
			isa = PBXGroup;
			children = (
				63E1B0AC26624C1B0081D262 /* TestProjectApp.swift */,
				63E1B0AD26624C1B0081D262 /* ContentView.swift */,
				63E1B0AE26624C1E0081D262 /* Assets.xcassets */,
			);
			path = Shared;
			sourceTree = "<group>";
		};
		63E1B0B426624C1E0081D262 /* Products */ = {
			isa = PBXGroup;
			children = (
				63E1B0B326624C1E0081D262 /* testProject-iOS.debug.app */,
				63E1B0BB26624C1E0081D262 /* testProject-Mac.debug.app */,
			);
			name = Products;
			sourceTree = "<group>";
		};
		63E1B0B526624C1E0081D262 /* iOS */ = {
			isa = PBXGroup;
			children = (
				63E1B0B626624C1E0081D262 /* Info.plist */,
			);
			path = iOS;
			sourceTree = "<group>";
		};
		63E1B0BC26624C1E0081D262 /* macOS */ = {
			isa = PBXGroup;
			children = (
				63E1B0BD26624C1E0081D262 /* Info.plist */,
				63E1B0BE26624C1E0081D262 /* macOS.entitlements */,
			);
			path = macOS;
			sourceTree = "<group>";
		};
		63FF705B266686EB00AB2043 /* Resources */ = {
			isa = PBXGroup;
			children = (
				63FF705C2666925400AB2043 /* project_Config .release.xcconfig */,
				63E1B0CD266258310081D262 /* project_Config.debug.xcconfig */,
				63FF705A266686D900AB2043 /* mac_Config.release.xcconfig */,
				63FF7059266686BC00AB2043 /* iOS_Config .release.xcconfig */,
				63E1B0D02662596C0081D262 /* iOS_Config.debug.xcconfig */,
				63E1B0D1266259810081D262 /* mac_Config.debug.xcconfig */,
			);
			path = Resources;
			sourceTree = "<group>";
		};
		DF035896B0AC5B4F6AE6650D /* Pods */ = {
			isa = PBXGroup;
			children = (
				A01748C24C84250C8B4A6DCD /* Pods-Test-TestProject (iOS).debug.xcconfig */,
				4C6517E707BFB7C482CBEE59 /* Pods-Test-TestProject (iOS).release.xcconfig */,
				10933E39832E245C5792B642 /* Pods-Test-TestProject (macOS).debug.xcconfig */,
				2C12DD5408AD79D4329C289C /* Pods-Test-TestProject (macOS).release.xcconfig */,
			);
			path = Pods;
			sourceTree = "<group>";
		};
/* End PBXGroup section */

/* Begin PBXNativeTarget section */
		63E1B0B226624C1E0081D262 /* TestProject (iOS) */ = {
			isa = PBXNativeTarget;
			buildConfigurationList = 63E1B0C726624C1E0081D262 /* Build configuration list for PBXNativeTarget "TestProject (iOS)" */;
			buildPhases = (
				2C560927CA2C425A4149626F /* [CP] Check Pods Manifest.lock */,
				63E1B0AF26624C1E0081D262 /* Sources */,
				63E1B0B026624C1E0081D262 /* Frameworks */,
				63E1B0B126624C1E0081D262 /* Resources */,
				7A91956F738735A11F15E29C /* [CP] Embed Pods Frameworks */,
			);
			buildRules = (
			);
			dependencies = (
			);
			name = "TestProject (iOS)";
			productName = "TestProject (iOS)";
			productReference = 63E1B0B326624C1E0081D262 /* testProject-iOS.debug.app */;
			productType = "com.apple.product-type.application";
		};
		63E1B0BA26624C1E0081D262 /* TestProject (macOS) */ = {
			isa = PBXNativeTarget;
			buildConfigurationList = 63E1B0CA26624C1E0081D262 /* Build configuration list for PBXNativeTarget "TestProject (macOS)" */;
			buildPhases = (
				1AE0B495E21D270AABD47736 /* [CP] Check Pods Manifest.lock */,
				63E1B0B726624C1E0081D262 /* Sources */,
				63E1B0B826624C1E0081D262 /* Frameworks */,
				63E1B0B926624C1E0081D262 /* Resources */,
				E8567D71F030F9A61CC39870 /* [CP] Embed Pods Frameworks */,
			);
			buildRules = (
			);
			dependencies = (
			);
			name = "TestProject (macOS)";
			productName = "TestProject (macOS)";
			productReference = 63E1B0BB26624C1E0081D262 /* testProject-Mac.debug.app */;
			productType = "com.apple.product-type.application";
		};
/* End PBXNativeTarget section */

/* Begin PBXProject section */
		63E1B0A726624C1B0081D262 /* Project object */ = {
			isa = PBXProject;
			attributes = {
				LastSwiftUpdateCheck = 1250;
				LastUpgradeCheck = 1250;
				TargetAttributes = {
					63E1B0B226624C1E0081D262 = {
						CreatedOnToolsVersion = 12.5;
					};
					63E1B0BA26624C1E0081D262 = {
						CreatedOnToolsVersion = 12.5;
					};
				};
			};
			buildConfigurationList = 63E1B0AA26624C1B0081D262 /* Build configuration list for PBXProject "TestProject" */;
			compatibilityVersion = "Xcode 9.3";
			developmentRegion = en;
			hasScannedForEncodings = 0;
			knownRegions = (
				en,
				Base,
			);
			mainGroup = 63E1B0A626624C1B0081D262;
			productRefGroup = 63E1B0B426624C1E0081D262 /* Products */;
			projectDirPath = "";
			projectRoot = "";
			targets = (
				63E1B0B226624C1E0081D262 /* TestProject (iOS) */,
				63E1B0BA26624C1E0081D262 /* TestProject (macOS) */,
			);
		};
/* End PBXProject section */

/* Begin PBXResourcesBuildPhase section */
		63E1B0B126624C1E0081D262 /* Resources */ = {
			isa = PBXResourcesBuildPhase;
			buildActionMask = 2147483647;
			files = (
				63E1B0C326624C1E0081D262 /* Assets.xcassets in Resources */,
			);
			runOnlyForDeploymentPostprocessing = 0;
		};
		63E1B0B926624C1E0081D262 /* Resources */ = {
			isa = PBXResourcesBuildPhase;
			buildActionMask = 2147483647;
			files = (
				63E1B0C426624C1E0081D262 /* Assets.xcassets in Resources */,
			);
			runOnlyForDeploymentPostprocessing = 0;
		};
/* End PBXResourcesBuildPhase section */

/* Begin PBXShellScriptBuildPhase section */
		1AE0B495E21D270AABD47736 /* [CP] Check Pods Manifest.lock */ = {
			isa = PBXShellScriptBuildPhase;
			buildActionMask = 2147483647;
			files = (
			);
			inputFileListPaths = (
			);
			inputPaths = (
				"${PODS_PODFILE_DIR_PATH}/Podfile.lock",
				"${PODS_ROOT}/Manifest.lock",
			);
			name = "[CP] Check Pods Manifest.lock";
			outputFileListPaths = (
			);
			outputPaths = (
				"$(DERIVED_FILE_DIR)/Pods-Test-TestProject (macOS)-checkManifestLockResult.txt",
			);
			runOnlyForDeploymentPostprocessing = 0;
			shellPath = /bin/sh;
			shellScript = "diff \"${PODS_PODFILE_DIR_PATH}/Podfile.lock\" \"${PODS_ROOT}/Manifest.lock\" > /dev/null\nif [ $? != 0 ] ; then\n    # print error to STDERR\n    echo \"error: The sandbox is not in sync with the Podfile.lock. Run 'pod install' or update your CocoaPods installation.\" >&2\n    exit 1\nfi\n# This output is used by Xcode 'outputs' to avoid re-running this script phase.\necho \"SUCCESS\" > \"${SCRIPT_OUTPUT_FILE_0}\"\n";
			showEnvVarsInLog = 0;
		};
		2C560927CA2C425A4149626F /* [CP] Check Pods Manifest.lock */ = {
			isa = PBXShellScriptBuildPhase;
			buildActionMask = 2147483647;
			files = (
			);
			inputFileListPaths = (
			);
			inputPaths = (
				"${PODS_PODFILE_DIR_PATH}/Podfile.lock",
				"${PODS_ROOT}/Manifest.lock",
			);
			name = "[CP] Check Pods Manifest.lock";
			outputFileListPaths = (
			);
			outputPaths = (
				"$(DERIVED_FILE_DIR)/Pods-Test-TestProject (iOS)-checkManifestLockResult.txt",
			);
			runOnlyForDeploymentPostprocessing = 0;
			shellPath = /bin/sh;
			shellScript = "diff \"${PODS_PODFILE_DIR_PATH}/Podfile.lock\" \"${PODS_ROOT}/Manifest.lock\" > /dev/null\nif [ $? != 0 ] ; then\n    # print error to STDERR\n    echo \"error: The sandbox is not in sync with the Podfile.lock. Run 'pod install' or update your CocoaPods installation.\" >&2\n    exit 1\nfi\n# This output is used by Xcode 'outputs' to avoid re-running this script phase.\necho \"SUCCESS\" > \"${SCRIPT_OUTPUT_FILE_0}\"\n";
			showEnvVarsInLog = 0;
		};
		7A91956F738735A11F15E29C /* [CP] Embed Pods Frameworks */ = {
			isa = PBXShellScriptBuildPhase;
			buildActionMask = 2147483647;
			files = (
			);
			inputFileListPaths = (
				"${PODS_ROOT}/Target Support Files/Pods-Test-TestProject (iOS)/Pods-Test-TestProject (iOS)-frameworks-${CONFIGURATION}-input-files.xcfilelist",
			);
			name = "[CP] Embed Pods Frameworks";
			outputFileListPaths = (
				"${PODS_ROOT}/Target Support Files/Pods-Test-TestProject (iOS)/Pods-Test-TestProject (iOS)-frameworks-${CONFIGURATION}-output-files.xcfilelist",
			);
			runOnlyForDeploymentPostprocessing = 0;
			shellPath = /bin/sh;
			shellScript = "\"${PODS_ROOT}/Target Support Files/Pods-Test-TestProject (iOS)/Pods-Test-TestProject (iOS)-frameworks.sh\"\n";
			showEnvVarsInLog = 0;
		};
		E8567D71F030F9A61CC39870 /* [CP] Embed Pods Frameworks */ = {
			isa = PBXShellScriptBuildPhase;
			buildActionMask = 2147483647;
			files = (
			);
			inputFileListPaths = (
				"${PODS_ROOT}/Target Support Files/Pods-Test-TestProject (macOS)/Pods-Test-TestProject (macOS)-frameworks-${CONFIGURATION}-input-files.xcfilelist",
			);
			name = "[CP] Embed Pods Frameworks";
			outputFileListPaths = (
				"${PODS_ROOT}/Target Support Files/Pods-Test-TestProject (macOS)/Pods-Test-TestProject (macOS)-frameworks-${CONFIGURATION}-output-files.xcfilelist",
			);
			runOnlyForDeploymentPostprocessing = 0;
			shellPath = /bin/sh;
			shellScript = "\"${PODS_ROOT}/Target Support Files/Pods-Test-TestProject (macOS)/Pods-Test-TestProject (macOS)-frameworks.sh\"\n";
			showEnvVarsInLog = 0;
		};
/* End PBXShellScriptBuildPhase section */

/* Begin PBXSourcesBuildPhase section */
		63E1B0AF26624C1E0081D262 /* Sources */ = {
			isa = PBXSourcesBuildPhase;
			buildActionMask = 2147483647;
			files = (
				63E1B0C126624C1E0081D262 /* ContentView.swift in Sources */,
				63E1B0BF26624C1E0081D262 /* TestProjectApp.swift in Sources */,
			);
			runOnlyForDeploymentPostprocessing = 0;
		};
		63E1B0B726624C1E0081D262 /* Sources */ = {
			isa = PBXSourcesBuildPhase;
			buildActionMask = 2147483647;
			files = (
				63E1B0C226624C1E0081D262 /* ContentView.swift in Sources */,
				63E1B0C026624C1E0081D262 /* TestProjectApp.swift in Sources */,
			);
			runOnlyForDeploymentPostprocessing = 0;
		};
/* End PBXSourcesBuildPhase section */

/* Begin XCBuildConfiguration section */
		63E1B0C526624C1E0081D262 /* Debug */ = {
			isa = XCBuildConfiguration;
			baseConfigurationReference = 63E1B0CD266258310081D262 /* project_Config.debug.xcconfig */;
			buildSettings = {
				ALWAYS_SEARCH_USER_PATHS = NO;
				CLANG_ANALYZER_NONNULL = YES;
				CLANG_ANALYZER_NUMBER_OBJECT_CONVERSION = YES_AGGRESSIVE;
				CLANG_CXX_LANGUAGE_STANDARD = "gnu++14";
				CLANG_CXX_LIBRARY = "libc++";
				CLANG_ENABLE_MODULES = YES;
				CLANG_ENABLE_OBJC_ARC = YES;
				CLANG_ENABLE_OBJC_WEAK = YES;
				CLANG_WARN_BLOCK_CAPTURE_AUTORELEASING = YES;
				CLANG_WARN_BOOL_CONVERSION = YES;
				CLANG_WARN_COMMA = YES;
				CLANG_WARN_CONSTANT_CONVERSION = YES;
				CLANG_WARN_DEPRECATED_OBJC_IMPLEMENTATIONS = YES;
				CLANG_WARN_DIRECT_OBJC_ISA_USAGE = YES_ERROR;
				CLANG_WARN_DOCUMENTATION_COMMENTS = YES;
				CLANG_WARN_EMPTY_BODY = YES;
				CLANG_WARN_ENUM_CONVERSION = YES;
				CLANG_WARN_INFINITE_RECURSION = YES;
				CLANG_WARN_INT_CONVERSION = YES;
				CLANG_WARN_NON_LITERAL_NULL_CONVERSION = YES;
				CLANG_WARN_OBJC_IMPLICIT_RETAIN_SELF = YES;
				CLANG_WARN_OBJC_LITERAL_CONVERSION = YES;
				CLANG_WARN_OBJC_ROOT_CLASS = YES_ERROR;
				CLANG_WARN_QUOTED_INCLUDE_IN_FRAMEWORK_HEADER = YES;
				CLANG_WARN_RANGE_LOOP_ANALYSIS = YES;
				CLANG_WARN_STRICT_PROTOTYPES = YES;
				CLANG_WARN_SUSPICIOUS_MOVE = YES;
				CLANG_WARN_UNGUARDED_AVAILABILITY = YES_AGGRESSIVE;
				CLANG_WARN_UNREACHABLE_CODE = YES;
				CLANG_WARN__DUPLICATE_METHOD_MATCH = YES;
				COPY_PHASE_STRIP = NO;
				DEBUG_INFORMATION_FORMAT = dwarf;
				ENABLE_STRICT_OBJC_MSGSEND = YES;
				ENABLE_TESTABILITY = YES;
				GCC_C_LANGUAGE_STANDARD = gnu11;
				GCC_DYNAMIC_NO_PIC = NO;
				GCC_NO_COMMON_BLOCKS = YES;
				GCC_OPTIMIZATION_LEVEL = 0;
				GCC_PREPROCESSOR_DEFINITIONS = (
					"DEBUG=1",
					"$(inherited)",
				);
				GCC_WARN_64_TO_32_BIT_CONVERSION = YES;
				GCC_WARN_ABOUT_RETURN_TYPE = YES_ERROR;
				GCC_WARN_UNDECLARED_SELECTOR = YES;
				GCC_WARN_UNINITIALIZED_AUTOS = YES_AGGRESSIVE;
				GCC_WARN_UNUSED_FUNCTION = YES;
				GCC_WARN_UNUSED_VARIABLE = YES;
				IPHONEOS_DEPLOYMENT_TARGET = 9.0;
				MACOSX_DEPLOYMENT_TARGET = 10.9;
				MTL_ENABLE_DEBUG_INFO = INCLUDE_SOURCE;
				MTL_FAST_MATH = YES;
				ONLY_ACTIVE_ARCH = YES;
				SWIFT_ACTIVE_COMPILATION_CONDITIONS = DEBUG;
				SWIFT_OPTIMIZATION_LEVEL = "-Onone";
			};
			name = Debug;
		};
		63E1B0C626624C1E0081D262 /* Release */ = {
			isa = XCBuildConfiguration;
			baseConfigurationReference = 63FF705C2666925400AB2043 /* project_Config .release.xcconfig */;
			buildSettings = {
				ALWAYS_SEARCH_USER_PATHS = NO;
				CLANG_ANALYZER_NONNULL = YES;
				CLANG_ANALYZER_NUMBER_OBJECT_CONVERSION = YES_AGGRESSIVE;
				CLANG_CXX_LANGUAGE_STANDARD = "gnu++14";
				CLANG_CXX_LIBRARY = "libc++";
				CLANG_ENABLE_MODULES = YES;
				CLANG_ENABLE_OBJC_ARC = YES;
				CLANG_ENABLE_OBJC_WEAK = YES;
				CLANG_WARN_BLOCK_CAPTURE_AUTORELEASING = YES;
				CLANG_WARN_BOOL_CONVERSION = YES;
				CLANG_WARN_COMMA = YES;
				CLANG_WARN_CONSTANT_CONVERSION = YES;
				CLANG_WARN_DEPRECATED_OBJC_IMPLEMENTATIONS = YES;
				CLANG_WARN_DIRECT_OBJC_ISA_USAGE = YES_ERROR;
				CLANG_WARN_DOCUMENTATION_COMMENTS = YES;
				CLANG_WARN_EMPTY_BODY = YES;
				CLANG_WARN_ENUM_CONVERSION = YES;
				CLANG_WARN_INFINITE_RECURSION = YES;
				CLANG_WARN_INT_CONVERSION = YES;
				CLANG_WARN_NON_LITERAL_NULL_CONVERSION = YES;
				CLANG_WARN_OBJC_IMPLICIT_RETAIN_SELF = YES;
				CLANG_WARN_OBJC_LITERAL_CONVERSION = YES;
				CLANG_WARN_OBJC_ROOT_CLASS = YES_ERROR;
				CLANG_WARN_QUOTED_INCLUDE_IN_FRAMEWORK_HEADER = YES;
				CLANG_WARN_RANGE_LOOP_ANALYSIS = YES;
				CLANG_WARN_STRICT_PROTOTYPES = YES;
				CLANG_WARN_SUSPICIOUS_MOVE = YES;
				CLANG_WARN_UNGUARDED_AVAILABILITY = YES_AGGRESSIVE;
				CLANG_WARN_UNREACHABLE_CODE = YES;
				CLANG_WARN__DUPLICATE_METHOD_MATCH = YES;
				COPY_PHASE_STRIP = NO;
				DEBUG_INFORMATION_FORMAT = "dwarf-with-dsym";
				ENABLE_NS_ASSERTIONS = NO;
				ENABLE_STRICT_OBJC_MSGSEND = YES;
				GCC_C_LANGUAGE_STANDARD = gnu11;
				GCC_NO_COMMON_BLOCKS = YES;
				GCC_WARN_64_TO_32_BIT_CONVERSION = YES;
				GCC_WARN_ABOUT_RETURN_TYPE = YES_ERROR;
				GCC_WARN_UNDECLARED_SELECTOR = YES;
				GCC_WARN_UNINITIALIZED_AUTOS = YES_AGGRESSIVE;
				GCC_WARN_UNUSED_FUNCTION = YES;
				GCC_WARN_UNUSED_VARIABLE = YES;
				IPHONEOS_DEPLOYMENT_TARGET = 9.0;
				MACOSX_DEPLOYMENT_TARGET = 10.9;
				MTL_ENABLE_DEBUG_INFO = NO;
				MTL_FAST_MATH = YES;
				SWIFT_COMPILATION_MODE = wholemodule;
				SWIFT_OPTIMIZATION_LEVEL = "-O";
			};
			name = Release;
		};
		63E1B0C826624C1E0081D262 /* Debug */ = {
			isa = XCBuildConfiguration;
			baseConfigurationReference = 63E1B0D02662596C0081D262 /* iOS_Config.debug.xcconfig */;
			buildSettings = {
				ASSETCATALOG_COMPILER_APPICON_NAME = AppIcon;
				ASSETCATALOG_COMPILER_GLOBAL_ACCENT_COLOR_NAME = AccentColor;
				CODE_SIGN_STYLE = Automatic;
				DEVELOPMENT_TEAM = Z86DT6Z4G7;
				ENABLE_PREVIEWS = YES;
				INFOPLIST_FILE = iOS/Info.plist;
				IPHONEOS_DEPLOYMENT_TARGET = 14.0;
				LD_RUNPATH_SEARCH_PATHS = (
					"$(inherited)",
					"@executable_path/Frameworks",
				);
				PRODUCT_BUNDLE_IDENTIFIER = cn.com.NealMarlin.TestProject;
				PRODUCT_NAME = "$(inherited)";
				SDKROOT = iphoneos;
				SWIFT_VERSION = 5.0;
				TARGETED_DEVICE_FAMILY = "1,2";
			};
			name = Debug;
		};
		63E1B0C926624C1E0081D262 /* Release */ = {
			isa = XCBuildConfiguration;
			baseConfigurationReference = 63FF7059266686BC00AB2043 /* iOS_Config .release.xcconfig */;
			buildSettings = {
				ASSETCATALOG_COMPILER_APPICON_NAME = AppIcon;
				ASSETCATALOG_COMPILER_GLOBAL_ACCENT_COLOR_NAME = AccentColor;
				CODE_SIGN_STYLE = Automatic;
				DEVELOPMENT_TEAM = Z86DT6Z4G7;
				ENABLE_PREVIEWS = YES;
				INFOPLIST_FILE = iOS/Info.plist;
				IPHONEOS_DEPLOYMENT_TARGET = 14.0;
				LD_RUNPATH_SEARCH_PATHS = (
					"$(inherited)",
					"@executable_path/Frameworks",
				);
				PRODUCT_BUNDLE_IDENTIFIER = cn.com.NealMarlin.TestProject;
				PRODUCT_NAME = "$(inherited)";
				SDKROOT = iphoneos;
				SWIFT_VERSION = 5.0;
				TARGETED_DEVICE_FAMILY = "1,2";
				VALIDATE_PRODUCT = YES;
			};
			name = Release;
		};
		63E1B0CB26624C1E0081D262 /* Debug */ = {
			isa = XCBuildConfiguration;
			baseConfigurationReference = 63E1B0D1266259810081D262 /* mac_Config.debug.xcconfig */;
			buildSettings = {
				ASSETCATALOG_COMPILER_APPICON_NAME = AppIcon;
				ASSETCATALOG_COMPILER_GLOBAL_ACCENT_COLOR_NAME = AccentColor;
				CODE_SIGN_ENTITLEMENTS = macOS/macOS.entitlements;
				CODE_SIGN_STYLE = Automatic;
				COMBINE_HIDPI_IMAGES = YES;
				DEVELOPMENT_TEAM = Z86DT6Z4G7;
				ENABLE_HARDENED_RUNTIME = YES;
				ENABLE_PREVIEWS = YES;
				INFOPLIST_FILE = macOS/Info.plist;
				LD_RUNPATH_SEARCH_PATHS = (
					"$(inherited)",
					"@executable_path/../Frameworks",
				);
				MACOSX_DEPLOYMENT_TARGET = 11.0;
				PRODUCT_BUNDLE_IDENTIFIER = cn.com.NealMarlin.TestProject;
				PRODUCT_NAME = "$(inherited)";
				SDKROOT = macosx;
				SWIFT_VERSION = 5.0;
			};
			name = Debug;
		};
		63E1B0CC26624C1E0081D262 /* Release */ = {
			isa = XCBuildConfiguration;
			baseConfigurationReference = 63FF705A266686D900AB2043 /* mac_Config.release.xcconfig */;
			buildSettings = {
				ASSETCATALOG_COMPILER_APPICON_NAME = AppIcon;
				ASSETCATALOG_COMPILER_GLOBAL_ACCENT_COLOR_NAME = AccentColor;
				CODE_SIGN_ENTITLEMENTS = macOS/macOS.entitlements;
				CODE_SIGN_STYLE = Automatic;
				COMBINE_HIDPI_IMAGES = YES;
				DEVELOPMENT_TEAM = Z86DT6Z4G7;
				ENABLE_HARDENED_RUNTIME = YES;
				ENABLE_PREVIEWS = YES;
				INFOPLIST_FILE = macOS/Info.plist;
				LD_RUNPATH_SEARCH_PATHS = (
					"$(inherited)",
					"@executable_path/../Frameworks",
				);
				MACOSX_DEPLOYMENT_TARGET = 11.0;
				PRODUCT_BUNDLE_IDENTIFIER = cn.com.NealMarlin.TestProject;
				PRODUCT_NAME = "$(inherited)";
				SDKROOT = macosx;
				SWIFT_VERSION = 5.0;
			};
			name = Release;
		};
/* End XCBuildConfiguration section */

/* Begin XCConfigurationList section */
		63E1B0AA26624C1B0081D262 /* Build configuration list for PBXProject "TestProject" */ = {
			isa = XCConfigurationList;
			buildConfigurations = (
				63E1B0C526624C1E0081D262 /* Debug */,
				63E1B0C626624C1E0081D262 /* Release */,
			);
			defaultConfigurationIsVisible = 0;
			defaultConfigurationName = Release;
		};
		63E1B0C726624C1E0081D262 /* Build configuration list for PBXNativeTarget "TestProject (iOS)" */ = {
			isa = XCConfigurationList;
			buildConfigurations = (
				63E1B0C826624C1E0081D262 /* Debug */,
				63E1B0C926624C1E0081D262 /* Release */,
			);
			defaultConfigurationIsVisible = 0;
			defaultConfigurationName = Release;
		};
		63E1B0CA26624C1E0081D262 /* Build configuration list for PBXNativeTarget "TestProject (macOS)" */ = {
			isa = XCConfigurationList;
			buildConfigurations = (
				63E1B0CB26624C1E0081D262 /* Debug */,
				63E1B0CC26624C1E0081D262 /* Release */,
			);
			defaultConfigurationIsVisible = 0;
			defaultConfigurationName = Release;
		};
/* End XCConfigurationList section */
	};
	rootObject = 63E1B0A726624C1B0081D262 /* Project object */;
}
